
Microsoft Visual Studio Solution File, Format Version 12.00
# Visual Studio Version 17
VisualStudioVersion = 17.13.36105.23
MinimumVisualStudioVersion = 10.0.40219.1
Project("{FAE04EC0-301F-11D3-BF4B-00C04F79EFBC}") = "TlsMailSender", "TlsMailSender\TlsMailSender.csproj", "{4EB9310A-F7B9-49B5-9BFB-235243010AD5}"
EndProject
Global
	GlobalSection(SolutionConfigurationPlatforms) = preSolution
		Debug|Any CPU = Debug|Any CPU
		Release|Any CPU = Release|Any CPU
	EndGlobalSection
	GlobalSection(ProjectConfigurationPlatforms) = postSolution
		{4EB9310A-F7B9-49B5-9BFB-235243010AD5}.Debug|Any CPU.ActiveCfg = Release|Any CPU
		{4EB9310A-F7B9-49B5-9BFB-235243010AD5}.Debug|Any CPU.Build.0 = Release|Any CPU
		{4EB9310A-F7B9-49B5-9BFB-235243010AD5}.Release|Any CPU.ActiveCfg = Release|Any CPU
		{4EB9310A-F7B9-49B5-9BFB-235243010AD5}.Release|Any CPU.Build.0 = Release|Any CPU
	EndGlobalSection
	GlobalSection(SolutionProperties) = preSolution
		HideSolutionNode = FALSE
	EndGlobalSection
	GlobalSection(ExtensibilityGlobals) = postSolution
		SolutionGuid = {662556DE-FB66-49AF-B3B9-1B96E15BCEF9}
	EndGlobalSection
EndGlobal
